
Microsoft Visual Studio Solution File, Format Version 12.00
# Visual Studio 2013
VisualStudioVersion = 12.0.40629.0
MinimumVisualStudioVersion = 10.0.40219.1
Project("{FAE04EC0-301F-11D3-BF4B-00C04F79EFBC}") = "UX", "UX\UX.csproj", "{588089AA-1533-40D9-8D7A-13695300B091}"
EndProject
Project("{FAE04EC0-301F-11D3-BF4B-00C04F79EFBC}") = "Helper", "Helper\Helper.csproj", "{696E228D-A175-4C0A-AFAB-7AD2E30E1965}"
EndProject
Project("{FAE04EC0-301F-11D3-BF4B-00C04F79EFBC}") = "UXConsole", "UXConsole\UXConsole.csproj", "{79546902-CFBA-4C14-A119-0FC3E72DAF11}"
EndProject
Project("{FAE04EC0-301F-11D3-BF4B-00C04F79EFBC}") = "Binding", "Binding\Binding.csproj", "{08F8CC4B-45C2-4661-9F10-07094DCAE843}"
EndProject
Project("{FAE04EC0-301F-11D3-BF4B-00C04F79EFBC}") = "KeyHelper", "KeyHelper\KeyHelper.csproj", "{6ED8BCED-F737-4FD7-B8BD-B7AEF7592EF3}"
EndProject
Project("{FAE04EC0-301F-11D3-BF4B-00C04F79EFBC}") = "Items", "Items\Items.csproj", "{A55E8323-766A-41F5-88FA-BDE0A4F53F73}"
EndProject
Project("{2150E333-8FDC-42A3-9474-1A3956D46DE8}") = "Data", "Data", "{A6168245-04D4-44B7-B079-254F580A0E60}"
EndProject
Project("{2150E333-8FDC-42A3-9474-1A3956D46DE8}") = "Samples", "Samples", "{87F3CD76-1ED4-443C-A3D1-0A0D7D2DD645}"
EndProject
Project("{2150E333-8FDC-42A3-9474-1A3956D46DE8}") = "Test", "Test", "{BB227830-CAA3-4A8F-BCCB-BA00C69D2B81}"
	ProjectSection(SolutionItems) = preProject
		Data\Test\GoodKeys.binds = Data\Test\GoodKeys.binds
		Data\Test\Orion 2.0 Full House.vap = Data\Test\Orion 2.0 Full House.vap
	EndProjectSection
EndProject
Project("{2150E333-8FDC-42A3-9474-1A3956D46DE8}") = "Downloads", "Downloads", "{7B75CA78-3478-4178-B565-46D8F24519CF}"
	ProjectSection(SolutionItems) = preProject
		Data\Downloads\EDVard.exe = Data\Downloads\EDVard.exe
	EndProjectSection
EndProject
Project("{2150E333-8FDC-42A3-9474-1A3956D46DE8}") = "VoiceAttack", "VoiceAttack", "{9137BA1C-B06D-4677-A243-76B1E44D636F}"
	ProjectSection(SolutionItems) = preProject
		Data\Samples\VoiceAttack\1.6.5 Full House Profile HOTAS.vap = Data\Samples\VoiceAttack\1.6.5 Full House Profile HOTAS.vap
		Data\Samples\VoiceAttack\Elite Dangerous.vap = Data\Samples\VoiceAttack\Elite Dangerous.vap
		Data\Samples\VoiceAttack\Orion 2.0 Full House.vap = Data\Samples\VoiceAttack\Orion 2.0 Full House.vap
	EndProjectSection
EndProject
Project("{2150E333-8FDC-42A3-9474-1A3956D46DE8}") = "EliteDangerous", "EliteDangerous", "{A7E44E31-3AF7-4E2A-859A-D9C0E0152874}"
	ProjectSection(SolutionItems) = preProject
		Data\Samples\EliteDangerous\Basic.binds = Data\Samples\EliteDangerous\Basic.binds
		Data\Samples\EliteDangerous\GoodKeys.binds = Data\Samples\EliteDangerous\GoodKeys.binds
	EndProjectSection
EndProject
Global
	GlobalSection(SolutionConfigurationPlatforms) = preSolution
		Debug|Any CPU = Debug|Any CPU
		Release|Any CPU = Release|Any CPU
	EndGlobalSection
	GlobalSection(ProjectConfigurationPlatforms) = postSolution
		{588089AA-1533-40D9-8D7A-13695300B091}.Debug|Any CPU.ActiveCfg = Debug|Any CPU
		{588089AA-1533-40D9-8D7A-13695300B091}.Debug|Any CPU.Build.0 = Debug|Any CPU
		{588089AA-1533-40D9-8D7A-13695300B091}.Release|Any CPU.ActiveCfg = Release|Any CPU
		{588089AA-1533-40D9-8D7A-13695300B091}.Release|Any CPU.Build.0 = Release|Any CPU
		{696E228D-A175-4C0A-AFAB-7AD2E30E1965}.Debug|Any CPU.ActiveCfg = Debug|Any CPU
		{696E228D-A175-4C0A-AFAB-7AD2E30E1965}.Debug|Any CPU.Build.0 = Debug|Any CPU
		{696E228D-A175-4C0A-AFAB-7AD2E30E1965}.Release|Any CPU.ActiveCfg = Release|Any CPU
		{696E228D-A175-4C0A-AFAB-7AD2E30E1965}.Release|Any CPU.Build.0 = Release|Any CPU
		{79546902-CFBA-4C14-A119-0FC3E72DAF11}.Debug|Any CPU.ActiveCfg = Debug|Any CPU
		{79546902-CFBA-4C14-A119-0FC3E72DAF11}.Debug|Any CPU.Build.0 = Debug|Any CPU
		{79546902-CFBA-4C14-A119-0FC3E72DAF11}.Release|Any CPU.ActiveCfg = Release|Any CPU
		{79546902-CFBA-4C14-A119-0FC3E72DAF11}.Release|Any CPU.Build.0 = Release|Any CPU
		{08F8CC4B-45C2-4661-9F10-07094DCAE843}.Debug|Any CPU.ActiveCfg = Debug|Any CPU
		{08F8CC4B-45C2-4661-9F10-07094DCAE843}.Debug|Any CPU.Build.0 = Debug|Any CPU
		{08F8CC4B-45C2-4661-9F10-07094DCAE843}.Release|Any CPU.ActiveCfg = Release|Any CPU
		{08F8CC4B-45C2-4661-9F10-07094DCAE843}.Release|Any CPU.Build.0 = Release|Any CPU
		{6ED8BCED-F737-4FD7-B8BD-B7AEF7592EF3}.Debug|Any CPU.ActiveCfg = Debug|Any CPU
		{6ED8BCED-F737-4FD7-B8BD-B7AEF7592EF3}.Debug|Any CPU.Build.0 = Debug|Any CPU
		{6ED8BCED-F737-4FD7-B8BD-B7AEF7592EF3}.Release|Any CPU.ActiveCfg = Release|Any CPU
		{6ED8BCED-F737-4FD7-B8BD-B7AEF7592EF3}.Release|Any CPU.Build.0 = Release|Any CPU
		{A55E8323-766A-41F5-88FA-BDE0A4F53F73}.Debug|Any CPU.ActiveCfg = Debug|Any CPU
		{A55E8323-766A-41F5-88FA-BDE0A4F53F73}.Debug|Any CPU.Build.0 = Debug|Any CPU
		{A55E8323-766A-41F5-88FA-BDE0A4F53F73}.Release|Any CPU.ActiveCfg = Release|Any CPU
		{A55E8323-766A-41F5-88FA-BDE0A4F53F73}.Release|Any CPU.Build.0 = Release|Any CPU
	EndGlobalSection
	GlobalSection(SolutionProperties) = preSolution
		HideSolutionNode = FALSE
	EndGlobalSection
	GlobalSection(NestedProjects) = preSolution
		{87F3CD76-1ED4-443C-A3D1-0A0D7D2DD645} = {A6168245-04D4-44B7-B079-254F580A0E60}
		{BB227830-CAA3-4A8F-BCCB-BA00C69D2B81} = {A6168245-04D4-44B7-B079-254F580A0E60}
		{7B75CA78-3478-4178-B565-46D8F24519CF} = {A6168245-04D4-44B7-B079-254F580A0E60}
		{9137BA1C-B06D-4677-A243-76B1E44D636F} = {87F3CD76-1ED4-443C-A3D1-0A0D7D2DD645}
		{A7E44E31-3AF7-4E2A-859A-D9C0E0152874} = {87F3CD76-1ED4-443C-A3D1-0A0D7D2DD645}
	EndGlobalSection
EndGlobal
