
Microsoft Visual Studio Solution File, Format Version 12.00
# Visual Studio 2013
VisualStudioVersion = 12.0.40629.0
MinimumVisualStudioVersion = 10.0.40219.1
Project("{FAE04EC0-301F-11D3-BF4B-00C04F79EFBC}") = "EDVASync", "EDVASync\EDVASync.csproj", "{588089AA-1533-40D9-8D7A-13695300B091}"
EndProject
Project("{FAE04EC0-301F-11D3-BF4B-00C04F79EFBC}") = "Helpers", "Helpers\Helpers.csproj", "{696E228D-A175-4C0A-AFAB-7AD2E30E1965}"
EndProject
Project("{FAE04EC0-301F-11D3-BF4B-00C04F79EFBC}") = "QuickRunner", "QuickRunner\QuickRunner.csproj", "{79546902-CFBA-4C14-A119-0FC3E72DAF11}"
EndProject
Project("{FAE04EC0-301F-11D3-BF4B-00C04F79EFBC}") = "Game", "Game\Game.csproj", "{08F8CC4B-45C2-4661-9F10-07094DCAE843}"
EndProject
Global
	GlobalSection(SolutionConfigurationPlatforms) = preSolution
		Debug|Any CPU = Debug|Any CPU
		Release|Any CPU = Release|Any CPU
	EndGlobalSection
	GlobalSection(ProjectConfigurationPlatforms) = postSolution
		{588089AA-1533-40D9-8D7A-13695300B091}.Debug|Any CPU.ActiveCfg = Debug|Any CPU
		{588089AA-1533-40D9-8D7A-13695300B091}.Debug|Any CPU.Build.0 = Debug|Any CPU
		{588089AA-1533-40D9-8D7A-13695300B091}.Release|Any CPU.ActiveCfg = Release|Any CPU
		{588089AA-1533-40D9-8D7A-13695300B091}.Release|Any CPU.Build.0 = Release|Any CPU
		{696E228D-A175-4C0A-AFAB-7AD2E30E1965}.Debug|Any CPU.ActiveCfg = Debug|Any CPU
		{696E228D-A175-4C0A-AFAB-7AD2E30E1965}.Debug|Any CPU.Build.0 = Debug|Any CPU
		{696E228D-A175-4C0A-AFAB-7AD2E30E1965}.Release|Any CPU.ActiveCfg = Release|Any CPU
		{696E228D-A175-4C0A-AFAB-7AD2E30E1965}.Release|Any CPU.Build.0 = Release|Any CPU
		{79546902-CFBA-4C14-A119-0FC3E72DAF11}.Debug|Any CPU.ActiveCfg = Debug|Any CPU
		{79546902-CFBA-4C14-A119-0FC3E72DAF11}.Debug|Any CPU.Build.0 = Debug|Any CPU
		{79546902-CFBA-4C14-A119-0FC3E72DAF11}.Release|Any CPU.ActiveCfg = Release|Any CPU
		{79546902-CFBA-4C14-A119-0FC3E72DAF11}.Release|Any CPU.Build.0 = Release|Any CPU
		{08F8CC4B-45C2-4661-9F10-07094DCAE843}.Debug|Any CPU.ActiveCfg = Debug|Any CPU
		{08F8CC4B-45C2-4661-9F10-07094DCAE843}.Debug|Any CPU.Build.0 = Debug|Any CPU
		{08F8CC4B-45C2-4661-9F10-07094DCAE843}.Release|Any CPU.ActiveCfg = Release|Any CPU
		{08F8CC4B-45C2-4661-9F10-07094DCAE843}.Release|Any CPU.Build.0 = Release|Any CPU
	EndGlobalSection
	GlobalSection(SolutionProperties) = preSolution
		HideSolutionNode = FALSE
	EndGlobalSection
EndGlobal
